
Microsoft Visual Studio Solution File, Format Version 12.00
# Visual Studio 14
VisualStudioVersion = 14.0.25420.1
MinimumVisualStudioVersion = 10.0.40219.1
Project("{FAE04EC0-301F-11D3-BF4B-00C04F79EFBC}") = "AwsProject", "AwsProject\AwsProject.csproj", "{2CA9AC09-9B0F-49D7-89C4-340557F4AAB3}"
EndProject
Project("{FAE04EC0-301F-11D3-BF4B-00C04F79EFBC}") = "AwsFileWatcher", "AwsFileWatcher\AwsFileWatcher.csproj", "{7F3D7B40-AB0D-49CC-8364-2A2CD43787DD}"
EndProject
Project("{2150E333-8FDC-42A3-9474-1A3956D46DE8}") = "FileWatcher", "FileWatcher", "{749B8E26-045E-4D5F-8D8A-506574A35869}"
EndProject
Project("{2150E333-8FDC-42A3-9474-1A3956D46DE8}") = "AwsSQS", "AwsSQS", "{AC0E48E8-1DAB-44E0-8BDB-F8D88AD7BFC9}"
EndProject
Project("{FAE04EC0-301F-11D3-BF4B-00C04F79EFBC}") = "AwsQueue", "AwsQueueClient\AwsQueue.csproj", "{9F6F9E36-CFCD-4C46-A29F-3046331F5C79}"
EndProject
Project("{2150E333-8FDC-42A3-9474-1A3956D46DE8}") = "AwsLogger", "AwsLogger", "{3C9085B3-D19C-4F83-8190-70E37A055454}"
EndProject
Project("{FAE04EC0-301F-11D3-BF4B-00C04F79EFBC}") = "AwsLogger", "AwsLogger\AwsLogger.csproj", "{F6FE7214-F60D-48A8-9C90-C52A004B01E9}"
EndProject
Project("{2150E333-8FDC-42A3-9474-1A3956D46DE8}") = "Solution Items", "Solution Items", "{D52F6F08-F5E6-4F0B-9662-361C5DC57D96}"
	ProjectSection(SolutionItems) = preProject
		TODO.txt = TODO.txt
	EndProjectSection
EndProject
Global
	GlobalSection(SolutionConfigurationPlatforms) = preSolution
		Debug|Any CPU = Debug|Any CPU
		Release|Any CPU = Release|Any CPU
	EndGlobalSection
	GlobalSection(ProjectConfigurationPlatforms) = postSolution
		{2CA9AC09-9B0F-49D7-89C4-340557F4AAB3}.Debug|Any CPU.ActiveCfg = Debug|Any CPU
		{2CA9AC09-9B0F-49D7-89C4-340557F4AAB3}.Debug|Any CPU.Build.0 = Debug|Any CPU
		{2CA9AC09-9B0F-49D7-89C4-340557F4AAB3}.Release|Any CPU.ActiveCfg = Release|Any CPU
		{2CA9AC09-9B0F-49D7-89C4-340557F4AAB3}.Release|Any CPU.Build.0 = Release|Any CPU
		{7F3D7B40-AB0D-49CC-8364-2A2CD43787DD}.Debug|Any CPU.ActiveCfg = Debug|Any CPU
		{7F3D7B40-AB0D-49CC-8364-2A2CD43787DD}.Debug|Any CPU.Build.0 = Debug|Any CPU
		{7F3D7B40-AB0D-49CC-8364-2A2CD43787DD}.Release|Any CPU.ActiveCfg = Release|Any CPU
		{7F3D7B40-AB0D-49CC-8364-2A2CD43787DD}.Release|Any CPU.Build.0 = Release|Any CPU
		{9F6F9E36-CFCD-4C46-A29F-3046331F5C79}.Debug|Any CPU.ActiveCfg = Debug|Any CPU
		{9F6F9E36-CFCD-4C46-A29F-3046331F5C79}.Debug|Any CPU.Build.0 = Debug|Any CPU
		{9F6F9E36-CFCD-4C46-A29F-3046331F5C79}.Release|Any CPU.ActiveCfg = Release|Any CPU
		{9F6F9E36-CFCD-4C46-A29F-3046331F5C79}.Release|Any CPU.Build.0 = Release|Any CPU
		{F6FE7214-F60D-48A8-9C90-C52A004B01E9}.Debug|Any CPU.ActiveCfg = Debug|Any CPU
		{F6FE7214-F60D-48A8-9C90-C52A004B01E9}.Debug|Any CPU.Build.0 = Debug|Any CPU
		{F6FE7214-F60D-48A8-9C90-C52A004B01E9}.Release|Any CPU.ActiveCfg = Release|Any CPU
		{F6FE7214-F60D-48A8-9C90-C52A004B01E9}.Release|Any CPU.Build.0 = Release|Any CPU
	EndGlobalSection
	GlobalSection(SolutionProperties) = preSolution
		HideSolutionNode = FALSE
	EndGlobalSection
	GlobalSection(NestedProjects) = preSolution
		{7F3D7B40-AB0D-49CC-8364-2A2CD43787DD} = {749B8E26-045E-4D5F-8D8A-506574A35869}
		{9F6F9E36-CFCD-4C46-A29F-3046331F5C79} = {AC0E48E8-1DAB-44E0-8BDB-F8D88AD7BFC9}
		{F6FE7214-F60D-48A8-9C90-C52A004B01E9} = {3C9085B3-D19C-4F83-8190-70E37A055454}
	EndGlobalSection
EndGlobal
